// !$*UTF8*$!
{
	archiveVersion = 1;
	classes = {
	};
	objectVersion = 46;
	objects = {

/* Begin PBXBuildFile section */
		FF1311251C08F54800D016E3 /* LoginViewController.swift in Sources */ = {isa = PBXBuildFile; fileRef = FF1311241C08F54800D016E3 /* LoginViewController.swift */; };
		FF31DBAC1BFA6D3D00F49424 /* AppDelegate.swift in Sources */ = {isa = PBXBuildFile; fileRef = FF31DBAB1BFA6D3D00F49424 /* AppDelegate.swift */; };
		FF31DBB11BFA6D3D00F49424 /* Main.storyboard in Resources */ = {isa = PBXBuildFile; fileRef = FF31DBAF1BFA6D3D00F49424 /* Main.storyboard */; };
		FF31DBB31BFA6D3D00F49424 /* Assets.xcassets in Resources */ = {isa = PBXBuildFile; fileRef = FF31DBB21BFA6D3D00F49424 /* Assets.xcassets */; };
		FF31DBB61BFA6D3D00F49424 /* LaunchScreen.storyboard in Resources */ = {isa = PBXBuildFile; fileRef = FF31DBB41BFA6D3D00F49424 /* LaunchScreen.storyboard */; };
		FF31DBBE1BFAB54F00F49424 /* Message.swift in Sources */ = {isa = PBXBuildFile; fileRef = FF31DBBD1BFAB54F00F49424 /* Message.swift */; };
		FF31DBC01BFAB56300F49424 /* User.swift in Sources */ = {isa = PBXBuildFile; fileRef = FF31DBBF1BFAB56300F49424 /* User.swift */; };
		FF31DBC31BFAB6AA00F49424 /* LoginSignupViewController.swift in Sources */ = {isa = PBXBuildFile; fileRef = FF31DBC21BFAB6AA00F49424 /* LoginSignupViewController.swift */; };
		FF31DBC51BFAB72900F49424 /* HomeViewController.swift in Sources */ = {isa = PBXBuildFile; fileRef = FF31DBC41BFAB72900F49424 /* HomeViewController.swift */; };
		FF31DBC71BFAB76800F49424 /* ContactsTableViewController.swift in Sources */ = {isa = PBXBuildFile; fileRef = FF31DBC61BFAB76800F49424 /* ContactsTableViewController.swift */; };
		FF31DBC91BFAB79900F49424 /* SettingsViewController.swift in Sources */ = {isa = PBXBuildFile; fileRef = FF31DBC81BFAB79900F49424 /* SettingsViewController.swift */; };
		FF31DBCB1BFAB7D000F49424 /* DecryptMessageViewController.swift in Sources */ = {isa = PBXBuildFile; fileRef = FF31DBCA1BFAB7D000F49424 /* DecryptMessageViewController.swift */; };
		FF31DBCD1BFAB7E500F49424 /* EncryptMessageViewController.swift in Sources */ = {isa = PBXBuildFile; fileRef = FF31DBCC1BFAB7E500F49424 /* EncryptMessageViewController.swift */; };
		FF31DBCF1BFAB90700F49424 /* MessageController.swift in Sources */ = {isa = PBXBuildFile; fileRef = FF31DBCE1BFAB90700F49424 /* MessageController.swift */; };
		FF31DBD21BFAB94400F49424 /* UserController.swift in Sources */ = {isa = PBXBuildFile; fileRef = FF31DBD11BFAB94400F49424 /* UserController.swift */; };
		FF31DBD41BFAB9A700F49424 /* FirebaseController.swift in Sources */ = {isa = PBXBuildFile; fileRef = FF31DBD31BFAB9A700F49424 /* FirebaseController.swift */; };
		FF31DBF61BFBDA2000F49424 /* Firebase.framework in Frameworks */ = {isa = PBXBuildFile; fileRef = FF31DBF41BFBD9E200F49424 /* Firebase.framework */; };
		FF31DBF71BFBDA2000F49424 /* Firebase.framework in Embed Frameworks */ = {isa = PBXBuildFile; fileRef = FF31DBF41BFBD9E200F49424 /* Firebase.framework */; settings = {ATTRIBUTES = (CodeSignOnCopy, RemoveHeadersOnCopy, ); }; };
		FF31DBFA1BFBDA4D00F49424 /* CFNetwork.framework in Frameworks */ = {isa = PBXBuildFile; fileRef = FF31DBF91BFBDA4D00F49424 /* CFNetwork.framework */; };
		FF31DBFC1BFBDA5E00F49424 /* SystemConfiguration.framework in Frameworks */ = {isa = PBXBuildFile; fileRef = FF31DBFB1BFBDA5E00F49424 /* SystemConfiguration.framework */; };
		FF31DBFE1BFBDA6A00F49424 /* Security.framework in Frameworks */ = {isa = PBXBuildFile; fileRef = FF31DBFD1BFBDA6A00F49424 /* Security.framework */; };
		FF31DC001BFBDA7D00F49424 /* libc++.tbd in Frameworks */ = {isa = PBXBuildFile; fileRef = FF31DBFF1BFBDA7D00F49424 /* libc++.tbd */; };
		FF31DC021BFBDA9000F49424 /* libicucore.tbd in Frameworks */ = {isa = PBXBuildFile; fileRef = FF31DC011BFBDA9000F49424 /* libicucore.tbd */; };
		FF9961CB1BFE935500F25710 /* SearchResultsForUsersTableViewController.swift in Sources */ = {isa = PBXBuildFile; fileRef = FF9961CA1BFE935500F25710 /* SearchResultsForUsersTableViewController.swift */; };
		FFEC3C891C17A7AC008A58BD /* InitialViewController.swift in Sources */ = {isa = PBXBuildFile; fileRef = FFEC3C881C17A7AC008A58BD /* InitialViewController.swift */; };
		FFFB030E1C0FBCA300F09FED /* MessageCollectionViewCell.swift in Sources */ = {isa = PBXBuildFile; fileRef = FFFB030D1C0FBCA300F09FED /* MessageCollectionViewCell.swift */; };
/* End PBXBuildFile section */

/* Begin PBXCopyFilesBuildPhase section */
		FF31DBF81BFBDA2000F49424 /* Embed Frameworks */ = {
			isa = PBXCopyFilesBuildPhase;
			buildActionMask = 2147483647;
			dstPath = "";
			dstSubfolderSpec = 10;
			files = (
				FF31DBF71BFBDA2000F49424 /* Firebase.framework in Embed Frameworks */,
			);
			name = "Embed Frameworks";
			runOnlyForDeploymentPostprocessing = 0;
		};
/* End PBXCopyFilesBuildPhase section */

/* Begin PBXFileReference section */
		FF1311241C08F54800D016E3 /* LoginViewController.swift */ = {isa = PBXFileReference; fileEncoding = 4; lastKnownFileType = sourcecode.swift; path = LoginViewController.swift; sourceTree = "<group>"; };
		FF31DBA81BFA6D3D00F49424 /* Mess.app */ = {isa = PBXFileReference; explicitFileType = wrapper.application; includeInIndex = 0; path = Mess.app; sourceTree = BUILT_PRODUCTS_DIR; };
		FF31DBAB1BFA6D3D00F49424 /* AppDelegate.swift */ = {isa = PBXFileReference; lastKnownFileType = sourcecode.swift; name = AppDelegate.swift; path = Mess/AppDelegate.swift; sourceTree = "<group>"; };
		FF31DBB01BFA6D3D00F49424 /* Base */ = {isa = PBXFileReference; lastKnownFileType = file.storyboard; name = Base; path = Base.lproj/Main.storyboard; sourceTree = "<group>"; };
		FF31DBB21BFA6D3D00F49424 /* Assets.xcassets */ = {isa = PBXFileReference; lastKnownFileType = folder.assetcatalog; name = Assets.xcassets; path = Mess/Assets.xcassets; sourceTree = "<group>"; };
		FF31DBB51BFA6D3D00F49424 /* Base */ = {isa = PBXFileReference; lastKnownFileType = file.storyboard; name = Base; path = Base.lproj/LaunchScreen.storyboard; sourceTree = "<group>"; };
		FF31DBB71BFA6D3D00F49424 /* Info.plist */ = {isa = PBXFileReference; lastKnownFileType = text.plist.xml; name = Info.plist; path = Mess/Info.plist; sourceTree = "<group>"; };
		FF31DBBD1BFAB54F00F49424 /* Message.swift */ = {isa = PBXFileReference; fileEncoding = 4; lastKnownFileType = sourcecode.swift; path = Message.swift; sourceTree = "<group>"; };
		FF31DBBF1BFAB56300F49424 /* User.swift */ = {isa = PBXFileReference; fileEncoding = 4; lastKnownFileType = sourcecode.swift; path = User.swift; sourceTree = "<group>"; };
		FF31DBC21BFAB6AA00F49424 /* LoginSignupViewController.swift */ = {isa = PBXFileReference; fileEncoding = 4; lastKnownFileType = sourcecode.swift; name = LoginSignupViewController.swift; path = Mess/LoginSignupViewController.swift; sourceTree = "<group>"; };
		FF31DBC41BFAB72900F49424 /* HomeViewController.swift */ = {isa = PBXFileReference; fileEncoding = 4; lastKnownFileType = sourcecode.swift; path = HomeViewController.swift; sourceTree = "<group>"; };
		FF31DBC61BFAB76800F49424 /* ContactsTableViewController.swift */ = {isa = PBXFileReference; fileEncoding = 4; lastKnownFileType = sourcecode.swift; path = ContactsTableViewController.swift; sourceTree = "<group>"; };
		FF31DBC81BFAB79900F49424 /* SettingsViewController.swift */ = {isa = PBXFileReference; fileEncoding = 4; lastKnownFileType = sourcecode.swift; path = SettingsViewController.swift; sourceTree = "<group>"; };
		FF31DBCA1BFAB7D000F49424 /* DecryptMessageViewController.swift */ = {isa = PBXFileReference; fileEncoding = 4; lastKnownFileType = sourcecode.swift; path = DecryptMessageViewController.swift; sourceTree = "<group>"; };
		FF31DBCC1BFAB7E500F49424 /* EncryptMessageViewController.swift */ = {isa = PBXFileReference; fileEncoding = 4; lastKnownFileType = sourcecode.swift; path = EncryptMessageViewController.swift; sourceTree = "<group>"; };
		FF31DBCE1BFAB90700F49424 /* MessageController.swift */ = {isa = PBXFileReference; fileEncoding = 4; lastKnownFileType = sourcecode.swift; path = MessageController.swift; sourceTree = SOURCE_ROOT; };
		FF31DBD11BFAB94400F49424 /* UserController.swift */ = {isa = PBXFileReference; fileEncoding = 4; lastKnownFileType = sourcecode.swift; path = UserController.swift; sourceTree = "<group>"; };
		FF31DBD31BFAB9A700F49424 /* FirebaseController.swift */ = {isa = PBXFileReference; fileEncoding = 4; lastKnownFileType = sourcecode.swift; path = FirebaseController.swift; sourceTree = "<group>"; };
		FF31DBF41BFBD9E200F49424 /* Firebase.framework */ = {isa = PBXFileReference; lastKnownFileType = wrapper.framework; path = Firebase.framework; sourceTree = "<group>"; };
		FF31DBF91BFBDA4D00F49424 /* CFNetwork.framework */ = {isa = PBXFileReference; lastKnownFileType = wrapper.framework; name = CFNetwork.framework; path = System/Library/Frameworks/CFNetwork.framework; sourceTree = SDKROOT; };
		FF31DBFB1BFBDA5E00F49424 /* SystemConfiguration.framework */ = {isa = PBXFileReference; lastKnownFileType = wrapper.framework; name = SystemConfiguration.framework; path = System/Library/Frameworks/SystemConfiguration.framework; sourceTree = SDKROOT; };
		FF31DBFD1BFBDA6A00F49424 /* Security.framework */ = {isa = PBXFileReference; lastKnownFileType = wrapper.framework; name = Security.framework; path = System/Library/Frameworks/Security.framework; sourceTree = SDKROOT; };
		FF31DBFF1BFBDA7D00F49424 /* libc++.tbd */ = {isa = PBXFileReference; lastKnownFileType = "sourcecode.text-based-dylib-definition"; name = "libc++.tbd"; path = "usr/lib/libc++.tbd"; sourceTree = SDKROOT; };
		FF31DC011BFBDA9000F49424 /* libicucore.tbd */ = {isa = PBXFileReference; lastKnownFileType = "sourcecode.text-based-dylib-definition"; name = libicucore.tbd; path = usr/lib/libicucore.tbd; sourceTree = SDKROOT; };
		FF9961CA1BFE935500F25710 /* SearchResultsForUsersTableViewController.swift */ = {isa = PBXFileReference; fileEncoding = 4; lastKnownFileType = sourcecode.swift; path = SearchResultsForUsersTableViewController.swift; sourceTree = "<group>"; };
		FFEC3C881C17A7AC008A58BD /* InitialViewController.swift */ = {isa = PBXFileReference; fileEncoding = 4; lastKnownFileType = sourcecode.swift; path = InitialViewController.swift; sourceTree = "<group>"; };
		FFFB030D1C0FBCA300F09FED /* MessageCollectionViewCell.swift */ = {isa = PBXFileReference; fileEncoding = 4; lastKnownFileType = sourcecode.swift; path = MessageCollectionViewCell.swift; sourceTree = "<group>"; };
/* End PBXFileReference section */

/* Begin PBXFrameworksBuildPhase section */
		FF31DBA51BFA6D3D00F49424 /* Frameworks */ = {
			isa = PBXFrameworksBuildPhase;
			buildActionMask = 2147483647;
			files = (
				FF31DC021BFBDA9000F49424 /* libicucore.tbd in Frameworks */,
				FF31DC001BFBDA7D00F49424 /* libc++.tbd in Frameworks */,
				FF31DBFE1BFBDA6A00F49424 /* Security.framework in Frameworks */,
				FF31DBFC1BFBDA5E00F49424 /* SystemConfiguration.framework in Frameworks */,
				FF31DBFA1BFBDA4D00F49424 /* CFNetwork.framework in Frameworks */,
				FF31DBF61BFBDA2000F49424 /* Firebase.framework in Frameworks */,
			);
			runOnlyForDeploymentPostprocessing = 0;
		};
/* End PBXFrameworksBuildPhase section */

/* Begin PBXGroup section */
		FF31DB9F1BFA6D3D00F49424 = {
			isa = PBXGroup;
			children = (
				FF31DC031BFBDAA600F49424 /* Frameworks */,
				FF31DBAF1BFA6D3D00F49424 /* Main.storyboard */,
				FF31DBAB1BFA6D3D00F49424 /* AppDelegate.swift */,
				FF31DBB21BFA6D3D00F49424 /* Assets.xcassets */,
				FF31DBB41BFA6D3D00F49424 /* LaunchScreen.storyboard */,
				FF31DBB71BFA6D3D00F49424 /* Info.plist */,
				FF31DBAA1BFA6D3D00F49424 /* Mess */,
				FF31DBA91BFA6D3D00F49424 /* Products */,
			);
			sourceTree = "<group>";
		};
		FF31DBA91BFA6D3D00F49424 /* Products */ = {
			isa = PBXGroup;
			children = (
				FF31DBA81BFA6D3D00F49424 /* Mess.app */,
			);
			name = Products;
			sourceTree = "<group>";
		};
		FF31DBAA1BFA6D3D00F49424 /* Mess */ = {
			isa = PBXGroup;
			children = (
				FF31DBC11BFAB68000F49424 /* Models */,
				FF31DBD51BFAB9B300F49424 /* Controllers */,
				FF31DBD01BFAB91300F49424 /* View Controllers */,
			);
			path = Mess;
			sourceTree = "<group>";
		};
		FF31DBC11BFAB68000F49424 /* Models */ = {
			isa = PBXGroup;
			children = (
				FF31DBBD1BFAB54F00F49424 /* Message.swift */,
				FF31DBBF1BFAB56300F49424 /* User.swift */,
			);
			name = Models;
			sourceTree = "<group>";
		};
		FF31DBD01BFAB91300F49424 /* View Controllers */ = {
			isa = PBXGroup;
			children = (
				FFEC3C8C1C17A815008A58BD /* User Login / Signup */,
				FF31DBC41BFAB72900F49424 /* HomeViewController.swift */,
				FF31DBC81BFAB79900F49424 /* SettingsViewController.swift */,
				FF31DBCC1BFAB7E500F49424 /* EncryptMessageViewController.swift */,
				FF31DBCA1BFAB7D000F49424 /* DecryptMessageViewController.swift */,
				FFEC3C8A1C17A7D6008A58BD /* Views */,
				FFEC3C8B1C17A7F2008A58BD /* Contacts / Search */,
			);
			name = "View Controllers";
			path = ..;
			sourceTree = "<group>";
		};
		FF31DBD51BFAB9B300F49424 /* Controllers */ = {
			isa = PBXGroup;
			children = (
				FF31DBCE1BFAB90700F49424 /* MessageController.swift */,
				FF31DBD11BFAB94400F49424 /* UserController.swift */,
				FF31DBD31BFAB9A700F49424 /* FirebaseController.swift */,
			);
			name = Controllers;
			sourceTree = "<group>";
		};
		FF31DC031BFBDAA600F49424 /* Frameworks */ = {
			isa = PBXGroup;
			children = (
				FF31DBF41BFBD9E200F49424 /* Firebase.framework */,
				FF31DC011BFBDA9000F49424 /* libicucore.tbd */,
				FF31DBFF1BFBDA7D00F49424 /* libc++.tbd */,
				FF31DBFD1BFBDA6A00F49424 /* Security.framework */,
				FF31DBFB1BFBDA5E00F49424 /* SystemConfiguration.framework */,
				FF31DBF91BFBDA4D00F49424 /* CFNetwork.framework */,
			);
			name = Frameworks;
			sourceTree = "<group>";
		};
		FFEC3C8A1C17A7D6008A58BD /* Views */ = {
			isa = PBXGroup;
			children = (
				FFFB030D1C0FBCA300F09FED /* MessageCollectionViewCell.swift */,
			);
			name = Views;
			sourceTree = "<group>";
		};
		FFEC3C8B1C17A7F2008A58BD /* Contacts / Search */ = {
			isa = PBXGroup;
			children = (
				FF31DBC61BFAB76800F49424 /* ContactsTableViewController.swift */,
				FF9961CA1BFE935500F25710 /* SearchResultsForUsersTableViewController.swift */,
			);
			name = "Contacts / Search";
			sourceTree = "<group>";
		};
		FFEC3C8C1C17A815008A58BD /* User Login / Signup */ = {
			isa = PBXGroup;
			children = (
				FFEC3C881C17A7AC008A58BD /* InitialViewController.swift */,
				FF31DBC21BFAB6AA00F49424 /* LoginSignupViewController.swift */,
				FF1311241C08F54800D016E3 /* LoginViewController.swift */,
			);
			name = "User Login / Signup";
			sourceTree = "<group>";
		};
/* End PBXGroup section */

/* Begin PBXNativeTarget section */
		FF31DBA71BFA6D3D00F49424 /* Mess */ = {
			isa = PBXNativeTarget;
			buildConfigurationList = FF31DBBA1BFA6D3D00F49424 /* Build configuration list for PBXNativeTarget "Mess" */;
			buildPhases = (
				FF31DBA41BFA6D3D00F49424 /* Sources */,
				FF31DBA51BFA6D3D00F49424 /* Frameworks */,
				FF31DBA61BFA6D3D00F49424 /* Resources */,
				FF31DBF81BFBDA2000F49424 /* Embed Frameworks */,
			);
			buildRules = (
			);
			dependencies = (
			);
			name = Mess;
			productName = Mess;
			productReference = FF31DBA81BFA6D3D00F49424 /* Mess.app */;
			productType = "com.apple.product-type.application";
		};
/* End PBXNativeTarget section */

/* Begin PBXProject section */
		FF31DBA01BFA6D3D00F49424 /* Project object */ = {
			isa = PBXProject;
			attributes = {
				LastSwiftUpdateCheck = 0710;
				LastUpgradeCheck = 0710;
				ORGANIZATIONNAME = "Sean Murphy";
				TargetAttributes = {
					FF31DBA71BFA6D3D00F49424 = {
						CreatedOnToolsVersion = 7.1;
						DevelopmentTeam = T8SJEUNC37;
					};
				};
			};
			buildConfigurationList = FF31DBA31BFA6D3D00F49424 /* Build configuration list for PBXProject "Mess" */;
			compatibilityVersion = "Xcode 3.2";
			developmentRegion = English;
			hasScannedForEncodings = 0;
			knownRegions = (
				en,
				Base,
			);
			mainGroup = FF31DB9F1BFA6D3D00F49424;
			productRefGroup = FF31DBA91BFA6D3D00F49424 /* Products */;
			projectDirPath = "";
			projectRoot = "";
			targets = (
				FF31DBA71BFA6D3D00F49424 /* Mess */,
			);
		};
/* End PBXProject section */

/* Begin PBXResourcesBuildPhase section */
		FF31DBA61BFA6D3D00F49424 /* Resources */ = {
			isa = PBXResourcesBuildPhase;
			buildActionMask = 2147483647;
			files = (
				FF31DBB61BFA6D3D00F49424 /* LaunchScreen.storyboard in Resources */,
				FF31DBB31BFA6D3D00F49424 /* Assets.xcassets in Resources */,
				FF31DBB11BFA6D3D00F49424 /* Main.storyboard in Resources */,
			);
			runOnlyForDeploymentPostprocessing = 0;
		};
/* End PBXResourcesBuildPhase section */

/* Begin PBXSourcesBuildPhase section */
		FF31DBA41BFA6D3D00F49424 /* Sources */ = {
			isa = PBXSourcesBuildPhase;
			buildActionMask = 2147483647;
			files = (
				FF1311251C08F54800D016E3 /* LoginViewController.swift in Sources */,
				FFFB030E1C0FBCA300F09FED /* MessageCollectionViewCell.swift in Sources */,
				FF31DBD41BFAB9A700F49424 /* FirebaseController.swift in Sources */,
				FF31DBC51BFAB72900F49424 /* HomeViewController.swift in Sources */,
				FF9961CB1BFE935500F25710 /* SearchResultsForUsersTableViewController.swift in Sources */,
				FF31DBC01BFAB56300F49424 /* User.swift in Sources */,
				FF31DBC91BFAB79900F49424 /* SettingsViewController.swift in Sources */,
				FF31DBD21BFAB94400F49424 /* UserController.swift in Sources */,
				FF31DBC71BFAB76800F49424 /* ContactsTableViewController.swift in Sources */,
				FF31DBCB1BFAB7D000F49424 /* DecryptMessageViewController.swift in Sources */,
				FF31DBBE1BFAB54F00F49424 /* Message.swift in Sources */,
				FF31DBC31BFAB6AA00F49424 /* LoginSignupViewController.swift in Sources */,
				FF31DBCF1BFAB90700F49424 /* MessageController.swift in Sources */,
				FF31DBAC1BFA6D3D00F49424 /* AppDelegate.swift in Sources */,
				FF31DBCD1BFAB7E500F49424 /* EncryptMessageViewController.swift in Sources */,
				FFEC3C891C17A7AC008A58BD /* InitialViewController.swift in Sources */,
			);
			runOnlyForDeploymentPostprocessing = 0;
		};
/* End PBXSourcesBuildPhase section */

/* Begin PBXVariantGroup section */
		FF31DBAF1BFA6D3D00F49424 /* Main.storyboard */ = {
			isa = PBXVariantGroup;
			children = (
				FF31DBB01BFA6D3D00F49424 /* Base */,
			);
			name = Main.storyboard;
			path = Mess;
			sourceTree = "<group>";
		};
		FF31DBB41BFA6D3D00F49424 /* LaunchScreen.storyboard */ = {
			isa = PBXVariantGroup;
			children = (
				FF31DBB51BFA6D3D00F49424 /* Base */,
			);
			name = LaunchScreen.storyboard;
			path = Mess;
			sourceTree = "<group>";
		};
/* End PBXVariantGroup section */

/* Begin XCBuildConfiguration section */
		FF31DBB81BFA6D3D00F49424 /* Debug */ = {
			isa = XCBuildConfiguration;
			buildSettings = {
				ALWAYS_SEARCH_USER_PATHS = NO;
				CLANG_CXX_LANGUAGE_STANDARD = "gnu++0x";
				CLANG_CXX_LIBRARY = "libc++";
				CLANG_ENABLE_MODULES = YES;
				CLANG_ENABLE_OBJC_ARC = YES;
				CLANG_WARN_BOOL_CONVERSION = YES;
				CLANG_WARN_CONSTANT_CONVERSION = YES;
				CLANG_WARN_DIRECT_OBJC_ISA_USAGE = YES_ERROR;
				CLANG_WARN_EMPTY_BODY = YES;
				CLANG_WARN_ENUM_CONVERSION = YES;
				CLANG_WARN_INT_CONVERSION = YES;
				CLANG_WARN_OBJC_ROOT_CLASS = YES_ERROR;
				CLANG_WARN_UNREACHABLE_CODE = YES;
				CLANG_WARN__DUPLICATE_METHOD_MATCH = YES;
				"CODE_SIGN_IDENTITY[sdk=iphoneos*]" = "iPhone Developer";
				COPY_PHASE_STRIP = NO;
				DEBUG_INFORMATION_FORMAT = dwarf;
				ENABLE_STRICT_OBJC_MSGSEND = YES;
				ENABLE_TESTABILITY = YES;
				GCC_C_LANGUAGE_STANDARD = gnu99;
				GCC_DYNAMIC_NO_PIC = NO;
				GCC_NO_COMMON_BLOCKS = YES;
				GCC_OPTIMIZATION_LEVEL = 0;
				GCC_PREPROCESSOR_DEFINITIONS = (
					"DEBUG=1",
					"$(inherited)",
				);
				GCC_WARN_64_TO_32_BIT_CONVERSION = YES;
				GCC_WARN_ABOUT_RETURN_TYPE = YES_ERROR;
				GCC_WARN_UNDECLARED_SELECTOR = YES;
				GCC_WARN_UNINITIALIZED_AUTOS = YES_AGGRESSIVE;
				GCC_WARN_UNUSED_FUNCTION = YES;
				GCC_WARN_UNUSED_VARIABLE = YES;
				IPHONEOS_DEPLOYMENT_TARGET = 9.1;
				MTL_ENABLE_DEBUG_INFO = YES;
				ONLY_ACTIVE_ARCH = YES;
				SDKROOT = iphoneos;
				SWIFT_OPTIMIZATION_LEVEL = "-Onone";
			};
			name = Debug;
		};
		FF31DBB91BFA6D3D00F49424 /* Release */ = {
			isa = XCBuildConfiguration;
			buildSettings = {
				ALWAYS_SEARCH_USER_PATHS = NO;
				CLANG_CXX_LANGUAGE_STANDARD = "gnu++0x";
				CLANG_CXX_LIBRARY = "libc++";
				CLANG_ENABLE_MODULES = YES;
				CLANG_ENABLE_OBJC_ARC = YES;
				CLANG_WARN_BOOL_CONVERSION = YES;
				CLANG_WARN_CONSTANT_CONVERSION = YES;
				CLANG_WARN_DIRECT_OBJC_ISA_USAGE = YES_ERROR;
				CLANG_WARN_EMPTY_BODY = YES;
				CLANG_WARN_ENUM_CONVERSION = YES;
				CLANG_WARN_INT_CONVERSION = YES;
				CLANG_WARN_OBJC_ROOT_CLASS = YES_ERROR;
				CLANG_WARN_UNREACHABLE_CODE = YES;
				CLANG_WARN__DUPLICATE_METHOD_MATCH = YES;
				"CODE_SIGN_IDENTITY[sdk=iphoneos*]" = "iPhone Developer";
				COPY_PHASE_STRIP = NO;
				DEBUG_INFORMATION_FORMAT = "dwarf-with-dsym";
				ENABLE_NS_ASSERTIONS = NO;
				ENABLE_STRICT_OBJC_MSGSEND = YES;
				GCC_C_LANGUAGE_STANDARD = gnu99;
				GCC_NO_COMMON_BLOCKS = YES;
				GCC_WARN_64_TO_32_BIT_CONVERSION = YES;
				GCC_WARN_ABOUT_RETURN_TYPE = YES_ERROR;
				GCC_WARN_UNDECLARED_SELECTOR = YES;
				GCC_WARN_UNINITIALIZED_AUTOS = YES_AGGRESSIVE;
				GCC_WARN_UNUSED_FUNCTION = YES;
				GCC_WARN_UNUSED_VARIABLE = YES;
				IPHONEOS_DEPLOYMENT_TARGET = 9.1;
				MTL_ENABLE_DEBUG_INFO = NO;
				SDKROOT = iphoneos;
				VALIDATE_PRODUCT = YES;
			};
			name = Release;
		};
		FF31DBBB1BFA6D3D00F49424 /* Debug */ = {
			isa = XCBuildConfiguration;
			buildSettings = {
				ASSETCATALOG_COMPILER_APPICON_NAME = AppIcon;
				FRAMEWORK_SEARCH_PATHS = (
					"$(inherited)",
					"$(PROJECT_DIR)",
				);
				INFOPLIST_FILE = Mess/Info.plist;
				LD_RUNPATH_SEARCH_PATHS = "$(inherited) @executable_path/Frameworks";
				PRODUCT_BUNDLE_IDENTIFIER = "Sean-Murphy-Development.Mess";
				PRODUCT_NAME = "$(TARGET_NAME)";
			};
			name = Debug;
		};
		FF31DBBC1BFA6D3D00F49424 /* Release */ = {
			isa = XCBuildConfiguration;
			buildSettings = {
				ASSETCATALOG_COMPILER_APPICON_NAME = AppIcon;
				FRAMEWORK_SEARCH_PATHS = (
					"$(inherited)",
					"$(PROJECT_DIR)",
				);
				INFOPLIST_FILE = Mess/Info.plist;
				LD_RUNPATH_SEARCH_PATHS = "$(inherited) @executable_path/Frameworks";
				PRODUCT_BUNDLE_IDENTIFIER = "Sean-Murphy-Development.Mess";
				PRODUCT_NAME = "$(TARGET_NAME)";
			};
			name = Release;
		};
/* End XCBuildConfiguration section */

/* Begin XCConfigurationList section */
		FF31DBA31BFA6D3D00F49424 /* Build configuration list for PBXProject "Mess" */ = {
			isa = XCConfigurationList;
			buildConfigurations = (
				FF31DBB81BFA6D3D00F49424 /* Debug */,
				FF31DBB91BFA6D3D00F49424 /* Release */,
			);
			defaultConfigurationIsVisible = 0;
			defaultConfigurationName = Release;
		};
		FF31DBBA1BFA6D3D00F49424 /* Build configuration list for PBXNativeTarget "Mess" */ = {
			isa = XCConfigurationList;
			buildConfigurations = (
				FF31DBBB1BFA6D3D00F49424 /* Debug */,
				FF31DBBC1BFA6D3D00F49424 /* Release */,
			);
			defaultConfigurationIsVisible = 0;
			defaultConfigurationName = Release;
		};
/* End XCConfigurationList section */
	};
	rootObject = FF31DBA01BFA6D3D00F49424 /* Project object */;
}
